
Microsoft Visual Studio Solution File, Format Version 12.00
# Visual Studio Version 17
VisualStudioVersion = 17.14.36429.23
MinimumVisualStudioVersion = 10.0.40219.1
Project("{2150E333-8FDC-42A3-9474-1A3956D46DE8}") = "Task0", "Task0", "{02EA681E-C7D8-13C7-8484-4AC65E1B71E8}"
EndProject
Project("{FAE04EC0-301F-11D3-BF4B-00C04F79EFBC}") = "Tyuiu.ShiganovaAV.Sprint0.Task0.V0", "Tyuiu.ShiganovaAV.Sprint0.Task0.V0\Tyuiu.ShiganovaAV.Sprint0.Task0.V0.csproj", "{60D868F8-A4F3-4E14-8400-223B79881BD1}"
EndProject
Project("{2150E333-8FDC-42A3-9474-1A3956D46DE8}") = "Task1", "Task1", "{A72024E8-3D50-41A7-89EE-6A94BF4B9CF5}"
EndProject
Project("{FAE04EC0-301F-11D3-BF4B-00C04F79EFBC}") = "Tyuiu.ShiganovaAV.Sprint0.Task1.V0", "Tyuiu.ShiganovaAV.Sprint0.Task1.V0\Tyuiu.ShiganovaAV.Sprint0.Task1.V0.csproj", "{3EAB7258-E27E-4486-8855-887FD14680F6}"
EndProject
Global
	GlobalSection(SolutionConfigurationPlatforms) = preSolution
		Debug|Any CPU = Debug|Any CPU
		Release|Any CPU = Release|Any CPU
	EndGlobalSection
	GlobalSection(ProjectConfigurationPlatforms) = postSolution
		{60D868F8-A4F3-4E14-8400-223B79881BD1}.Debug|Any CPU.ActiveCfg = Debug|Any CPU
		{60D868F8-A4F3-4E14-8400-223B79881BD1}.Debug|Any CPU.Build.0 = Debug|Any CPU
		{60D868F8-A4F3-4E14-8400-223B79881BD1}.Release|Any CPU.ActiveCfg = Release|Any CPU
		{60D868F8-A4F3-4E14-8400-223B79881BD1}.Release|Any CPU.Build.0 = Release|Any CPU
		{3EAB7258-E27E-4486-8855-887FD14680F6}.Debug|Any CPU.ActiveCfg = Debug|Any CPU
		{3EAB7258-E27E-4486-8855-887FD14680F6}.Debug|Any CPU.Build.0 = Debug|Any CPU
		{3EAB7258-E27E-4486-8855-887FD14680F6}.Release|Any CPU.ActiveCfg = Release|Any CPU
		{3EAB7258-E27E-4486-8855-887FD14680F6}.Release|Any CPU.Build.0 = Release|Any CPU
	EndGlobalSection
	GlobalSection(SolutionProperties) = preSolution
		HideSolutionNode = FALSE
	EndGlobalSection
	GlobalSection(NestedProjects) = preSolution
		{60D868F8-A4F3-4E14-8400-223B79881BD1} = {02EA681E-C7D8-13C7-8484-4AC65E1B71E8}
		{3EAB7258-E27E-4486-8855-887FD14680F6} = {A72024E8-3D50-41A7-89EE-6A94BF4B9CF5}
	EndGlobalSection
	GlobalSection(ExtensibilityGlobals) = postSolution
		SolutionGuid = {53DE49DE-8FB7-4CE3-AA60-8B004F4983AB}
	EndGlobalSection
EndGlobal
