
Microsoft Visual Studio Solution File, Format Version 12.00
# Visual Studio Version 17
VisualStudioVersion = 17.14.36429.23
MinimumVisualStudioVersion = 10.0.40219.1
Project("{2150E333-8FDC-42A3-9474-1A3956D46DE8}") = "Task0", "Task0", "{02EA681E-C7D8-13C7-8484-4AC65E1B71E8}"
EndProject
Project("{FAE04EC0-301F-11D3-BF4B-00C04F79EFBC}") = "Tyuiu.ShiganovaAV.Sprint0.Task0.V0", "Tyuiu.ShiganovaAV.Sprint0.Task0.V0\Tyuiu.ShiganovaAV.Sprint0.Task0.V0.csproj", "{60D868F8-A4F3-4E14-8400-223B79881BD1}"
EndProject
Project("{2150E333-8FDC-42A3-9474-1A3956D46DE8}") = "Task1", "Task1", "{A72024E8-3D50-41A7-89EE-6A94BF4B9CF5}"
EndProject
Project("{FAE04EC0-301F-11D3-BF4B-00C04F79EFBC}") = "Tyuiu.ShiganovaAV.Sprint0.Task1.V0", "Tyuiu.ShiganovaAV.Sprint0.Task1.V0\Tyuiu.ShiganovaAV.Sprint0.Task1.V0.csproj", "{3EAB7258-E27E-4486-8855-887FD14680F6}"
EndProject
Project("{2150E333-8FDC-42A3-9474-1A3956D46DE8}") = "Task2", "Task2", "{2ABAA546-C5A9-4211-B380-0C46DCC95E67}"
EndProject
Project("{FAE04EC0-301F-11D3-BF4B-00C04F79EFBC}") = "Tyuiu.ShiganovaAV.Sprint0.Task2.V0", "Tyuiu.ShiganovaAV.Sprint0.Task2.V0\Tyuiu.ShiganovaAV.Sprint0.Task2.V0.csproj", "{01A2229A-B9A1-488C-848C-2189C747A87E}"
EndProject
Project("{FAE04EC0-301F-11D3-BF4B-00C04F79EFBC}") = "Tyuiu.ShiganovaAV.Sprint0.Task2.V0.Lib", "Tyuiu.ShiganovaAV.Sprint0.Task2.V0.Lib\Tyuiu.ShiganovaAV.Sprint0.Task2.V0.Lib.csproj", "{92987BF0-DCAD-4DD1-9A59-8AD486F62E11}"
EndProject
Project("{FAE04EC0-301F-11D3-BF4B-00C04F79EFBC}") = "Tyuiu.ShiganovaAV.Sprint0.Task2.V0.Test", "Tyuiu.ShiganovaAV.Sprint0.Task2.V0.Test\Tyuiu.ShiganovaAV.Sprint0.Task2.V0.Test.csproj", "{02E4EB35-C4D8-48F5-97D4-5E7D320448FF}"
EndProject
Project("{2150E333-8FDC-42A3-9474-1A3956D46DE8}") = "Task3", "Task3", "{0B75F903-838E-429B-AA75-D45CB85E9D66}"
EndProject
Project("{FAE04EC0-301F-11D3-BF4B-00C04F79EFBC}") = "Tyuiu.ShiganovaAV.Sprint0.Task3.V0.Lib", "Tyuiu.ShiganovaAV.Sprint0.Task3.V0.Lib\Tyuiu.ShiganovaAV.Sprint0.Task3.V0.Lib.csproj", "{F31695E2-CB2B-490B-B895-1C65E2C5811E}"
EndProject
Project("{FAE04EC0-301F-11D3-BF4B-00C04F79EFBC}") = "Tyuiu.ShiganovaAV.Sprint0.Task3.V0", "Tyuiu.ShiganovaAV.Sprint0.Task3.V0\Tyuiu.ShiganovaAV.Sprint0.Task3.V0.csproj", "{BB297F32-710D-47B6-BEBB-CD11E3E85E08}"
EndProject
Project("{FAE04EC0-301F-11D3-BF4B-00C04F79EFBC}") = "Tyuiu.ShiganovaAV.Sprint0.Task3.V0.Test", "Tyuiu.ShiganovaAV.Sprint0.Task3.V0.Test\Tyuiu.ShiganovaAV.Sprint0.Task3.V0.Test.csproj", "{24C17F6A-2679-41B5-B29C-0F3E74B2F05B}"
EndProject
Project("{2150E333-8FDC-42A3-9474-1A3956D46DE8}") = "Task4", "Task4", "{E19166F3-EB4C-44A0-9074-FFBF8E903C76}"
EndProject
Project("{FAE04EC0-301F-11D3-BF4B-00C04F79EFBC}") = "Tyuiu.ShiganovaAV.Sprint0.Task4.V0.Lib", "Tyuiu.ShiganovaAV.Sprint0.Task4.V0.Lib\Tyuiu.ShiganovaAV.Sprint0.Task4.V0.Lib.csproj", "{34702C55-D295-4704-AEC8-6D6A0C8CBA0D}"
EndProject
Project("{FAE04EC0-301F-11D3-BF4B-00C04F79EFBC}") = "Tyuiu.ShiganovaAV.Sprint0.Task4.V0", "Tyuiu.ShiganovaAV.Sprint0.Task4.V0\Tyuiu.ShiganovaAV.Sprint0.Task4.V0.csproj", "{57601F3D-4C31-4D26-B61E-3DC0BA436367}"
EndProject
Project("{FAE04EC0-301F-11D3-BF4B-00C04F79EFBC}") = "Tyuiu.ShiganovaAV.Sprint0.Task4.V0.Test", "Tyuiu.ShiganovaAV.Sprint0.Task4.V0.Test\Tyuiu.ShiganovaAV.Sprint0.Task4.V0.Test.csproj", "{F1C91FF2-D9D4-4827-ADB2-8CF43078DB3F}"
EndProject
Project("{2150E333-8FDC-42A3-9474-1A3956D46DE8}") = "Task5", "Task5", "{92A2E668-9B0F-4F7E-B5B8-DD209A591955}"
EndProject
Project("{FAE04EC0-301F-11D3-BF4B-00C04F79EFBC}") = "Tyuiu.ShiganovaAV.Sprint0.Task5.V0.Test", "Tyuiu.ShiganovaAV.Sprint0.Task5.V0.Test\Tyuiu.ShiganovaAV.Sprint0.Task5.V0.Test.csproj", "{1796E065-65CC-4DDE-B5F7-D92C8F4806B7}"
EndProject
Project("{FAE04EC0-301F-11D3-BF4B-00C04F79EFBC}") = "Tyuiu.ShiganovaAV.Sprint0.Task5.V0", "Tyuiu.ShiganovaAV.Sprint0.Task5.V0\Tyuiu.ShiganovaAV.Sprint0.Task5.V0.csproj", "{F5400921-B04B-4C6D-9D93-474317E5EDCD}"
EndProject
Project("{FAE04EC0-301F-11D3-BF4B-00C04F79EFBC}") = "Tyuiu.ShiganovaAV.Sprint0.Task5.V0.Lib", "Tyuiu.ShiganovaAV.Sprint0.Task5.V0.Lib\Tyuiu.ShiganovaAV.Sprint0.Task5.V0.Lib.csproj", "{7D8969EE-A7EA-4AD2-A0A1-AA4D553593CA}"
EndProject
Project("{2150E333-8FDC-42A3-9474-1A3956D46DE8}") = "Task6", "Task6", "{5A5DA9F7-AE8F-4CAB-B71E-AF2A2C8CD0AF}"
EndProject
Project("{FAE04EC0-301F-11D3-BF4B-00C04F79EFBC}") = "Tyuiu.ShiganovaAV.Sprint0.Task6.V0.Lib", "Tyuiu.ShiganovaAV.Sprint0.Task6.V0.Lib\Tyuiu.ShiganovaAV.Sprint0.Task6.V0.Lib.csproj", "{67E6D003-3F88-4D24-84F7-AA4770ADF449}"
EndProject
Project("{FAE04EC0-301F-11D3-BF4B-00C04F79EFBC}") = "Tyuiu.ShiganovaAV.Sprint0.Task6.V0", "Tyuiu.ShiganovaAV.Sprint0.Task6.V0\Tyuiu.ShiganovaAV.Sprint0.Task6.V0.csproj", "{F49EC6D1-2ABE-4EEF-A338-820BF3D6FFD7}"
EndProject
Project("{FAE04EC0-301F-11D3-BF4B-00C04F79EFBC}") = "Tyuiu.ShiganovaAV.Sprint0.Task6.V0.Test", "Tyuiu.ShiganovaAV.Sprint0.Task6.V0.Test\Tyuiu.ShiganovaAV.Sprint0.Task6.V0.Test.csproj", "{5E6D8240-15AD-4512-8A7A-F1729DE25231}"
EndProject
Global
	GlobalSection(SolutionConfigurationPlatforms) = preSolution
		Debug|Any CPU = Debug|Any CPU
		Release|Any CPU = Release|Any CPU
	EndGlobalSection
	GlobalSection(ProjectConfigurationPlatforms) = postSolution
		{60D868F8-A4F3-4E14-8400-223B79881BD1}.Debug|Any CPU.ActiveCfg = Debug|Any CPU
		{60D868F8-A4F3-4E14-8400-223B79881BD1}.Debug|Any CPU.Build.0 = Debug|Any CPU
		{60D868F8-A4F3-4E14-8400-223B79881BD1}.Release|Any CPU.ActiveCfg = Release|Any CPU
		{60D868F8-A4F3-4E14-8400-223B79881BD1}.Release|Any CPU.Build.0 = Release|Any CPU
		{3EAB7258-E27E-4486-8855-887FD14680F6}.Debug|Any CPU.ActiveCfg = Debug|Any CPU
		{3EAB7258-E27E-4486-8855-887FD14680F6}.Debug|Any CPU.Build.0 = Debug|Any CPU
		{3EAB7258-E27E-4486-8855-887FD14680F6}.Release|Any CPU.ActiveCfg = Release|Any CPU
		{3EAB7258-E27E-4486-8855-887FD14680F6}.Release|Any CPU.Build.0 = Release|Any CPU
		{01A2229A-B9A1-488C-848C-2189C747A87E}.Debug|Any CPU.ActiveCfg = Debug|Any CPU
		{01A2229A-B9A1-488C-848C-2189C747A87E}.Debug|Any CPU.Build.0 = Debug|Any CPU
		{01A2229A-B9A1-488C-848C-2189C747A87E}.Release|Any CPU.ActiveCfg = Release|Any CPU
		{01A2229A-B9A1-488C-848C-2189C747A87E}.Release|Any CPU.Build.0 = Release|Any CPU
		{92987BF0-DCAD-4DD1-9A59-8AD486F62E11}.Debug|Any CPU.ActiveCfg = Debug|Any CPU
		{92987BF0-DCAD-4DD1-9A59-8AD486F62E11}.Debug|Any CPU.Build.0 = Debug|Any CPU
		{92987BF0-DCAD-4DD1-9A59-8AD486F62E11}.Release|Any CPU.ActiveCfg = Release|Any CPU
		{92987BF0-DCAD-4DD1-9A59-8AD486F62E11}.Release|Any CPU.Build.0 = Release|Any CPU
		{02E4EB35-C4D8-48F5-97D4-5E7D320448FF}.Debug|Any CPU.ActiveCfg = Debug|Any CPU
		{02E4EB35-C4D8-48F5-97D4-5E7D320448FF}.Debug|Any CPU.Build.0 = Debug|Any CPU
		{02E4EB35-C4D8-48F5-97D4-5E7D320448FF}.Release|Any CPU.ActiveCfg = Release|Any CPU
		{02E4EB35-C4D8-48F5-97D4-5E7D320448FF}.Release|Any CPU.Build.0 = Release|Any CPU
		{F31695E2-CB2B-490B-B895-1C65E2C5811E}.Debug|Any CPU.ActiveCfg = Debug|Any CPU
		{F31695E2-CB2B-490B-B895-1C65E2C5811E}.Debug|Any CPU.Build.0 = Debug|Any CPU
		{F31695E2-CB2B-490B-B895-1C65E2C5811E}.Release|Any CPU.ActiveCfg = Release|Any CPU
		{F31695E2-CB2B-490B-B895-1C65E2C5811E}.Release|Any CPU.Build.0 = Release|Any CPU
		{BB297F32-710D-47B6-BEBB-CD11E3E85E08}.Debug|Any CPU.ActiveCfg = Debug|Any CPU
		{BB297F32-710D-47B6-BEBB-CD11E3E85E08}.Debug|Any CPU.Build.0 = Debug|Any CPU
		{BB297F32-710D-47B6-BEBB-CD11E3E85E08}.Release|Any CPU.ActiveCfg = Release|Any CPU
		{BB297F32-710D-47B6-BEBB-CD11E3E85E08}.Release|Any CPU.Build.0 = Release|Any CPU
		{24C17F6A-2679-41B5-B29C-0F3E74B2F05B}.Debug|Any CPU.ActiveCfg = Debug|Any CPU
		{24C17F6A-2679-41B5-B29C-0F3E74B2F05B}.Debug|Any CPU.Build.0 = Debug|Any CPU
		{24C17F6A-2679-41B5-B29C-0F3E74B2F05B}.Release|Any CPU.ActiveCfg = Release|Any CPU
		{24C17F6A-2679-41B5-B29C-0F3E74B2F05B}.Release|Any CPU.Build.0 = Release|Any CPU
		{34702C55-D295-4704-AEC8-6D6A0C8CBA0D}.Debug|Any CPU.ActiveCfg = Debug|Any CPU
		{34702C55-D295-4704-AEC8-6D6A0C8CBA0D}.Debug|Any CPU.Build.0 = Debug|Any CPU
		{34702C55-D295-4704-AEC8-6D6A0C8CBA0D}.Release|Any CPU.ActiveCfg = Release|Any CPU
		{34702C55-D295-4704-AEC8-6D6A0C8CBA0D}.Release|Any CPU.Build.0 = Release|Any CPU
		{57601F3D-4C31-4D26-B61E-3DC0BA436367}.Debug|Any CPU.ActiveCfg = Debug|Any CPU
		{57601F3D-4C31-4D26-B61E-3DC0BA436367}.Debug|Any CPU.Build.0 = Debug|Any CPU
		{57601F3D-4C31-4D26-B61E-3DC0BA436367}.Release|Any CPU.ActiveCfg = Release|Any CPU
		{57601F3D-4C31-4D26-B61E-3DC0BA436367}.Release|Any CPU.Build.0 = Release|Any CPU
		{F1C91FF2-D9D4-4827-ADB2-8CF43078DB3F}.Debug|Any CPU.ActiveCfg = Debug|Any CPU
		{F1C91FF2-D9D4-4827-ADB2-8CF43078DB3F}.Debug|Any CPU.Build.0 = Debug|Any CPU
		{F1C91FF2-D9D4-4827-ADB2-8CF43078DB3F}.Release|Any CPU.ActiveCfg = Release|Any CPU
		{F1C91FF2-D9D4-4827-ADB2-8CF43078DB3F}.Release|Any CPU.Build.0 = Release|Any CPU
		{1796E065-65CC-4DDE-B5F7-D92C8F4806B7}.Debug|Any CPU.ActiveCfg = Debug|Any CPU
		{1796E065-65CC-4DDE-B5F7-D92C8F4806B7}.Debug|Any CPU.Build.0 = Debug|Any CPU
		{1796E065-65CC-4DDE-B5F7-D92C8F4806B7}.Release|Any CPU.ActiveCfg = Release|Any CPU
		{1796E065-65CC-4DDE-B5F7-D92C8F4806B7}.Release|Any CPU.Build.0 = Release|Any CPU
		{F5400921-B04B-4C6D-9D93-474317E5EDCD}.Debug|Any CPU.ActiveCfg = Debug|Any CPU
		{F5400921-B04B-4C6D-9D93-474317E5EDCD}.Debug|Any CPU.Build.0 = Debug|Any CPU
		{F5400921-B04B-4C6D-9D93-474317E5EDCD}.Release|Any CPU.ActiveCfg = Release|Any CPU
		{F5400921-B04B-4C6D-9D93-474317E5EDCD}.Release|Any CPU.Build.0 = Release|Any CPU
		{7D8969EE-A7EA-4AD2-A0A1-AA4D553593CA}.Debug|Any CPU.ActiveCfg = Debug|Any CPU
		{7D8969EE-A7EA-4AD2-A0A1-AA4D553593CA}.Debug|Any CPU.Build.0 = Debug|Any CPU
		{7D8969EE-A7EA-4AD2-A0A1-AA4D553593CA}.Release|Any CPU.ActiveCfg = Release|Any CPU
		{7D8969EE-A7EA-4AD2-A0A1-AA4D553593CA}.Release|Any CPU.Build.0 = Release|Any CPU
		{67E6D003-3F88-4D24-84F7-AA4770ADF449}.Debug|Any CPU.ActiveCfg = Debug|Any CPU
		{67E6D003-3F88-4D24-84F7-AA4770ADF449}.Debug|Any CPU.Build.0 = Debug|Any CPU
		{67E6D003-3F88-4D24-84F7-AA4770ADF449}.Release|Any CPU.ActiveCfg = Release|Any CPU
		{67E6D003-3F88-4D24-84F7-AA4770ADF449}.Release|Any CPU.Build.0 = Release|Any CPU
		{F49EC6D1-2ABE-4EEF-A338-820BF3D6FFD7}.Debug|Any CPU.ActiveCfg = Debug|Any CPU
		{F49EC6D1-2ABE-4EEF-A338-820BF3D6FFD7}.Debug|Any CPU.Build.0 = Debug|Any CPU
		{F49EC6D1-2ABE-4EEF-A338-820BF3D6FFD7}.Release|Any CPU.ActiveCfg = Release|Any CPU
		{F49EC6D1-2ABE-4EEF-A338-820BF3D6FFD7}.Release|Any CPU.Build.0 = Release|Any CPU
		{5E6D8240-15AD-4512-8A7A-F1729DE25231}.Debug|Any CPU.ActiveCfg = Debug|Any CPU
		{5E6D8240-15AD-4512-8A7A-F1729DE25231}.Debug|Any CPU.Build.0 = Debug|Any CPU
		{5E6D8240-15AD-4512-8A7A-F1729DE25231}.Release|Any CPU.ActiveCfg = Release|Any CPU
		{5E6D8240-15AD-4512-8A7A-F1729DE25231}.Release|Any CPU.Build.0 = Release|Any CPU
	EndGlobalSection
	GlobalSection(SolutionProperties) = preSolution
		HideSolutionNode = FALSE
	EndGlobalSection
	GlobalSection(NestedProjects) = preSolution
		{60D868F8-A4F3-4E14-8400-223B79881BD1} = {02EA681E-C7D8-13C7-8484-4AC65E1B71E8}
		{3EAB7258-E27E-4486-8855-887FD14680F6} = {A72024E8-3D50-41A7-89EE-6A94BF4B9CF5}
		{01A2229A-B9A1-488C-848C-2189C747A87E} = {2ABAA546-C5A9-4211-B380-0C46DCC95E67}
		{92987BF0-DCAD-4DD1-9A59-8AD486F62E11} = {2ABAA546-C5A9-4211-B380-0C46DCC95E67}
		{02E4EB35-C4D8-48F5-97D4-5E7D320448FF} = {2ABAA546-C5A9-4211-B380-0C46DCC95E67}
		{F31695E2-CB2B-490B-B895-1C65E2C5811E} = {0B75F903-838E-429B-AA75-D45CB85E9D66}
		{BB297F32-710D-47B6-BEBB-CD11E3E85E08} = {0B75F903-838E-429B-AA75-D45CB85E9D66}
		{24C17F6A-2679-41B5-B29C-0F3E74B2F05B} = {0B75F903-838E-429B-AA75-D45CB85E9D66}
		{34702C55-D295-4704-AEC8-6D6A0C8CBA0D} = {E19166F3-EB4C-44A0-9074-FFBF8E903C76}
		{57601F3D-4C31-4D26-B61E-3DC0BA436367} = {E19166F3-EB4C-44A0-9074-FFBF8E903C76}
		{F1C91FF2-D9D4-4827-ADB2-8CF43078DB3F} = {E19166F3-EB4C-44A0-9074-FFBF8E903C76}
		{1796E065-65CC-4DDE-B5F7-D92C8F4806B7} = {92A2E668-9B0F-4F7E-B5B8-DD209A591955}
		{F5400921-B04B-4C6D-9D93-474317E5EDCD} = {92A2E668-9B0F-4F7E-B5B8-DD209A591955}
		{7D8969EE-A7EA-4AD2-A0A1-AA4D553593CA} = {92A2E668-9B0F-4F7E-B5B8-DD209A591955}
		{67E6D003-3F88-4D24-84F7-AA4770ADF449} = {5A5DA9F7-AE8F-4CAB-B71E-AF2A2C8CD0AF}
		{F49EC6D1-2ABE-4EEF-A338-820BF3D6FFD7} = {5A5DA9F7-AE8F-4CAB-B71E-AF2A2C8CD0AF}
		{5E6D8240-15AD-4512-8A7A-F1729DE25231} = {5A5DA9F7-AE8F-4CAB-B71E-AF2A2C8CD0AF}
	EndGlobalSection
	GlobalSection(ExtensibilityGlobals) = postSolution
		SolutionGuid = {53DE49DE-8FB7-4CE3-AA60-8B004F4983AB}
	EndGlobalSection
EndGlobal
